// !$*UTF8*$!
{
	archiveVersion = 1;
	classes = {
	};
	objectVersion = 46;
	objects = {

/* Begin PBXBuildFile section */
		EAE8216C18E366D000F6471C /* Cocoa.framework in Frameworks */ = {isa = PBXBuildFile; fileRef = EAE8216B18E366D000F6471C /* Cocoa.framework */; };
		EAE8217218E366D000F6471C /* InfoPlist.strings in Resources */ = {isa = PBXBuildFile; fileRef = EAE8217018E366D000F6471C /* InfoPlist.strings */; };
		EAE8218918E3682F00F6471C /* QSAirmailMediator.m in Sources */ = {isa = PBXBuildFile; fileRef = EAE8218818E3682F00F6471C /* QSAirmailMediator.m */; };
/* End PBXBuildFile section */

/* Begin PBXFileReference section */
		EA72C72F18E37E83004A1648 /* QSMailMediator.h */ = {isa = PBXFileReference; fileEncoding = 4; lastKnownFileType = sourcecode.c.h; name = QSMailMediator.h; path = "../../elements.support.mail-qsplugin/QSMailMediator.h"; sourceTree = "<group>"; };
		EAE8216818E366D000F6471C /* Airmail Plugin.qsplugin */ = {isa = PBXFileReference; explicitFileType = wrapper.cfbundle; includeInIndex = 0; path = "Airmail Plugin.qsplugin"; sourceTree = BUILT_PRODUCTS_DIR; };
		EAE8216B18E366D000F6471C /* Cocoa.framework */ = {isa = PBXFileReference; lastKnownFileType = wrapper.framework; name = Cocoa.framework; path = System/Library/Frameworks/Cocoa.framework; sourceTree = SDKROOT; };
		EAE8216F18E366D000F6471C /* Info.plist */ = {isa = PBXFileReference; lastKnownFileType = text.plist.xml; path = Info.plist; sourceTree = SOURCE_ROOT; };
		EAE8217118E366D000F6471C /* en */ = {isa = PBXFileReference; lastKnownFileType = text.plist.strings; name = en; path = en.lproj/InfoPlist.strings; sourceTree = "<group>"; };
		EAE8217418E366D000F6471C /* Common.xcconfig */ = {isa = PBXFileReference; lastKnownFileType = text.xcconfig; path = Common.xcconfig; sourceTree = "<group>"; };
		EAE8217518E366D000F6471C /* Debug.xcconfig */ = {isa = PBXFileReference; lastKnownFileType = text.xcconfig; path = Debug.xcconfig; sourceTree = "<group>"; };
		EAE8217618E366D000F6471C /* Developer.xcconfig */ = {isa = PBXFileReference; lastKnownFileType = text.xcconfig; path = Developer.xcconfig; sourceTree = "<group>"; };
		EAE8217718E366D000F6471C /* QSPlugIn.xcconfig */ = {isa = PBXFileReference; lastKnownFileType = text.xcconfig; path = QSPlugIn.xcconfig; sourceTree = "<group>"; };
		EAE8217818E366D000F6471C /* Quicksilver.pch */ = {isa = PBXFileReference; lastKnownFileType = sourcecode.c.h; path = Quicksilver.pch; sourceTree = "<group>"; };
		EAE8217918E366D000F6471C /* Release.xcconfig */ = {isa = PBXFileReference; lastKnownFileType = text.xcconfig; path = Release.xcconfig; sourceTree = "<group>"; };
		EAE8218718E3682F00F6471C /* QSAirmailMediator.h */ = {isa = PBXFileReference; fileEncoding = 4; lastKnownFileType = sourcecode.c.h; path = QSAirmailMediator.h; sourceTree = "<group>"; };
		EAE8218818E3682F00F6471C /* QSAirmailMediator.m */ = {isa = PBXFileReference; fileEncoding = 4; lastKnownFileType = sourcecode.c.objc; path = QSAirmailMediator.m; sourceTree = "<group>"; };
/* End PBXFileReference section */

/* Begin PBXFrameworksBuildPhase section */
		EAE8216518E366D000F6471C /* Frameworks */ = {
			isa = PBXFrameworksBuildPhase;
			buildActionMask = 2147483647;
			files = (
				EAE8216C18E366D000F6471C /* Cocoa.framework in Frameworks */,
			);
			runOnlyForDeploymentPostprocessing = 0;
		};
/* End PBXFrameworksBuildPhase section */

/* Begin PBXGroup section */
		EAE8215E18E366D000F6471C = {
			isa = PBXGroup;
			children = (
				EAE8216D18E366D000F6471C /* Airmail */,
				EAE8216A18E366D000F6471C /* Frameworks */,
				EAE8216918E366D000F6471C /* Products */,
			);
			sourceTree = "<group>";
		};
		EAE8216918E366D000F6471C /* Products */ = {
			isa = PBXGroup;
			children = (
				EAE8216818E366D000F6471C /* Airmail Plugin.qsplugin */,
			);
			name = Products;
			sourceTree = "<group>";
		};
		EAE8216A18E366D000F6471C /* Frameworks */ = {
			isa = PBXGroup;
			children = (
				EAE8216B18E366D000F6471C /* Cocoa.framework */,
			);
			name = Frameworks;
			sourceTree = "<group>";
		};
		EAE8216D18E366D000F6471C /* Airmail */ = {
			isa = PBXGroup;
			children = (
				EA72C72F18E37E83004A1648 /* QSMailMediator.h */,
				EAE8217318E366D000F6471C /* Configuration */,
				EAE8216E18E366D000F6471C /* Supporting Files */,
				EAE8218718E3682F00F6471C /* QSAirmailMediator.h */,
				EAE8218818E3682F00F6471C /* QSAirmailMediator.m */,
			);
			path = Airmail;
			sourceTree = "<group>";
		};
		EAE8216E18E366D000F6471C /* Supporting Files */ = {
			isa = PBXGroup;
			children = (
				EAE8216F18E366D000F6471C /* Info.plist */,
				EAE8217018E366D000F6471C /* InfoPlist.strings */,
			);
			name = "Supporting Files";
			sourceTree = "<group>";
		};
		EAE8217318E366D000F6471C /* Configuration */ = {
			isa = PBXGroup;
			children = (
				EAE8217418E366D000F6471C /* Common.xcconfig */,
				EAE8217518E366D000F6471C /* Debug.xcconfig */,
				EAE8217618E366D000F6471C /* Developer.xcconfig */,
				EAE8217718E366D000F6471C /* QSPlugIn.xcconfig */,
				EAE8217818E366D000F6471C /* Quicksilver.pch */,
				EAE8217918E366D000F6471C /* Release.xcconfig */,
			);
			name = Configuration;
			path = /private/tmp/QS/Configuration;
			sourceTree = "<absolute>";
		};
/* End PBXGroup section */

/* Begin PBXNativeTarget section */
		EAE8216718E366D000F6471C /* QSAirmail */ = {
			isa = PBXNativeTarget;
			buildConfigurationList = EAE8218418E366D000F6471C /* Build configuration list for PBXNativeTarget "QSAirmail" */;
			buildPhases = (
				EAE8216318E366D000F6471C /* ShellScript */,
				EAE8216418E366D000F6471C /* Sources */,
				EAE8216518E366D000F6471C /* Frameworks */,
				EAE8216618E366D000F6471C /* Resources */,
			);
			buildRules = (
			);
			dependencies = (
			);
			name = QSAirmail;
			productName = Airmail;
			productReference = EAE8216818E366D000F6471C /* Airmail Plugin.qsplugin */;
			productType = "com.apple.product-type.bundle";
		};
/* End PBXNativeTarget section */

/* Begin PBXProject section */
		EAE8215F18E366D000F6471C /* Project object */ = {
			isa = PBXProject;
			attributes = {
				LastUpgradeCheck = 0510;
				ORGANIZATIONNAME = "Bright Origin";
			};
			buildConfigurationList = EAE8216218E366D000F6471C /* Build configuration list for PBXProject "QSAirmail" */;
			compatibilityVersion = "Xcode 3.2";
			developmentRegion = English;
			hasScannedForEncodings = 0;
			knownRegions = (
				en,
			);
			mainGroup = EAE8215E18E366D000F6471C;
			productRefGroup = EAE8216918E366D000F6471C /* Products */;
			projectDirPath = "";
			projectRoot = "";
			targets = (
				EAE8216718E366D000F6471C /* QSAirmail */,
			);
		};
/* End PBXProject section */

/* Begin PBXResourcesBuildPhase section */
		EAE8216618E366D000F6471C /* Resources */ = {
			isa = PBXResourcesBuildPhase;
			buildActionMask = 2147483647;
			files = (
				EAE8217218E366D000F6471C /* InfoPlist.strings in Resources */,
			);
			runOnlyForDeploymentPostprocessing = 0;
		};
/* End PBXResourcesBuildPhase section */

/* Begin PBXShellScriptBuildPhase section */
		EAE8216318E366D000F6471C /* ShellScript */ = {
			isa = PBXShellScriptBuildPhase;
			buildActionMask = 2147483647;
			files = (
			);
			inputPaths = (
			);
			outputPaths = (
			);
			runOnlyForDeploymentPostprocessing = 1;
			shellPath = /bin/sh;
			shellScript = "\"$QS_BUILD_ROOT/Tools/bltrversion\"";
		};
/* End PBXShellScriptBuildPhase section */

/* Begin PBXSourcesBuildPhase section */
		EAE8216418E366D000F6471C /* Sources */ = {
			isa = PBXSourcesBuildPhase;
			buildActionMask = 2147483647;
			files = (
				EAE8218918E3682F00F6471C /* QSAirmailMediator.m in Sources */,
			);
			runOnlyForDeploymentPostprocessing = 0;
		};
/* End PBXSourcesBuildPhase section */

/* Begin PBXVariantGroup section */
		EAE8217018E366D000F6471C /* InfoPlist.strings */ = {
			isa = PBXVariantGroup;
			children = (
				EAE8217118E366D000F6471C /* en */,
			);
			name = InfoPlist.strings;
			sourceTree = "<group>";
		};
/* End PBXVariantGroup section */

/* Begin XCBuildConfiguration section */
		EAE8218218E366D000F6471C /* Debug */ = {
			isa = XCBuildConfiguration;
			baseConfigurationReference = EAE8217518E366D000F6471C /* Debug.xcconfig */;
			buildSettings = {
			};
			name = Debug;
		};
		EAE8218318E366D000F6471C /* Release */ = {
			isa = XCBuildConfiguration;
			baseConfigurationReference = EAE8217918E366D000F6471C /* Release.xcconfig */;
			buildSettings = {
			};
			name = Release;
		};
		EAE8218518E366D000F6471C /* Debug */ = {
			isa = XCBuildConfiguration;
			baseConfigurationReference = EAE8217718E366D000F6471C /* QSPlugIn.xcconfig */;
			buildSettings = {
				CLANG_ENABLE_OBJC_ARC = YES;
				HEADER_SEARCH_PATHS = (
					"$(inherited)",
					/Applications/Xcode.app/Contents/Developer/Toolchains/XcodeDefault.xctoolchain/usr/include,
					../Support/MailCore/Source,
					"../Support/MailCore/libetpan/build-mac/build/Debug/include",
				);
				PRODUCT_NAME = "Airmail Plugin";
			};
			name = Debug;
		};
		EAE8218618E366D000F6471C /* Release */ = {
			isa = XCBuildConfiguration;
			baseConfigurationReference = EAE8217718E366D000F6471C /* QSPlugIn.xcconfig */;
			buildSettings = {
				CLANG_ENABLE_OBJC_ARC = YES;
				HEADER_SEARCH_PATHS = (
					"$(inherited)",
					/Applications/Xcode.app/Contents/Developer/Toolchains/XcodeDefault.xctoolchain/usr/include,
					../Support/MailCore/Source,
					"../Support/MailCore/libetpan/build-mac/build/Debug/include",
				);
				PRODUCT_NAME = "Airmail Plugin";
			};
			name = Release;
		};
/* End XCBuildConfiguration section */

/* Begin XCConfigurationList section */
		EAE8216218E366D000F6471C /* Build configuration list for PBXProject "QSAirmail" */ = {
			isa = XCConfigurationList;
			buildConfigurations = (
				EAE8218218E366D000F6471C /* Debug */,
				EAE8218318E366D000F6471C /* Release */,
			);
			defaultConfigurationIsVisible = 0;
			defaultConfigurationName = Release;
		};
		EAE8218418E366D000F6471C /* Build configuration list for PBXNativeTarget "QSAirmail" */ = {
			isa = XCConfigurationList;
			buildConfigurations = (
				EAE8218518E366D000F6471C /* Debug */,
				EAE8218618E366D000F6471C /* Release */,
			);
			defaultConfigurationIsVisible = 0;
			defaultConfigurationName = Release;
		};
/* End XCConfigurationList section */
	};
	rootObject = EAE8215F18E366D000F6471C /* Project object */;
}
